
Microsoft Visual Studio Solution File, Format Version 12.00
# Visual Studio 14
VisualStudioVersion = 14.0.25420.1
MinimumVisualStudioVersion = 10.0.40219.1
Project("{FAE04EC0-301F-11D3-BF4B-00C04F79EFBC}") = "SpreadsheetUtilities", "SpreadsheetUtilities\SpreadsheetUtilities.csproj", "{03DF86AD-44E2-4343-B749-41C4726AF059}"
EndProject
Project("{FAE04EC0-301F-11D3-BF4B-00C04F79EFBC}") = "DevelopmentTests", "DevelopmentTests\DevelopmentTests.csproj", "{91664C92-AB63-4E4A-A31A-A127DB07850D}"
EndProject
Global
	GlobalSection(SolutionConfigurationPlatforms) = preSolution
		Debug|Any CPU = Debug|Any CPU
		Release|Any CPU = Release|Any CPU
	EndGlobalSection
	GlobalSection(ProjectConfigurationPlatforms) = postSolution
		{03DF86AD-44E2-4343-B749-41C4726AF059}.Debug|Any CPU.ActiveCfg = Debug|Any CPU
		{03DF86AD-44E2-4343-B749-41C4726AF059}.Debug|Any CPU.Build.0 = Debug|Any CPU
		{03DF86AD-44E2-4343-B749-41C4726AF059}.Release|Any CPU.ActiveCfg = Release|Any CPU
		{03DF86AD-44E2-4343-B749-41C4726AF059}.Release|Any CPU.Build.0 = Release|Any CPU
		{91664C92-AB63-4E4A-A31A-A127DB07850D}.Debug|Any CPU.ActiveCfg = Debug|Any CPU
		{91664C92-AB63-4E4A-A31A-A127DB07850D}.Debug|Any CPU.Build.0 = Debug|Any CPU
		{91664C92-AB63-4E4A-A31A-A127DB07850D}.Release|Any CPU.ActiveCfg = Release|Any CPU
		{91664C92-AB63-4E4A-A31A-A127DB07850D}.Release|Any CPU.Build.0 = Release|Any CPU
	EndGlobalSection
	GlobalSection(SolutionProperties) = preSolution
		HideSolutionNode = FALSE
	EndGlobalSection
EndGlobal
