
Microsoft Visual Studio Solution File, Format Version 12.00
# Visual Studio 14
VisualStudioVersion = 14.0.24720.0
MinimumVisualStudioVersion = 10.0.40219.1
Project("{FAE04EC0-301F-11D3-BF4B-00C04F79EFBC}") = "Spreadsheet", "Spreadsheet\Spreadsheet.csproj", "{E13A4354-9E94-4E18-A27B-9B40AF10F7ED}"
EndProject
Project("{FAE04EC0-301F-11D3-BF4B-00C04F79EFBC}") = "Resources", "Resources\Resources.csproj", "{4C5C2177-2120-46A5-86A1-D5FE57EF32E2}"
EndProject
Project("{FAE04EC0-301F-11D3-BF4B-00C04F79EFBC}") = "SpreadsheetTests", "SpreadsheetTests\SpreadsheetTests.csproj", "{2558AA3B-EBA8-4E94-9F6A-B4972F0E74CF}"
EndProject
Project("{FAE04EC0-301F-11D3-BF4B-00C04F79EFBC}") = "SpreadsheetGUI", "SpreadsheetGUI\SpreadsheetGUI.csproj", "{2C13535F-DDB4-42DB-9CE3-9AD39B4597E8}"
EndProject
Project("{FAE04EC0-301F-11D3-BF4B-00C04F79EFBC}") = "GUITests", "GUITests\GUITests.csproj", "{74AA549D-1E33-4130-BD0B-826496EA8FBE}"
EndProject
Project("{FAE04EC0-301F-11D3-BF4B-00C04F79EFBC}") = "GraphWindow", "GraphWindow\GraphWindow.csproj", "{03505018-77CE-4677-BA1E-BAEE820756F4}"
EndProject
Project("{FAE04EC0-301F-11D3-BF4B-00C04F79EFBC}") = "GetRangeWindw", "GetRangeWindw\GetRangeWindw.csproj", "{1B1FE7E0-3EB2-4321-A31F-538D69214875}"
EndProject
Global
	GlobalSection(SolutionConfigurationPlatforms) = preSolution
		Debug|Any CPU = Debug|Any CPU
		Release|Any CPU = Release|Any CPU
	EndGlobalSection
	GlobalSection(ProjectConfigurationPlatforms) = postSolution
		{E13A4354-9E94-4E18-A27B-9B40AF10F7ED}.Debug|Any CPU.ActiveCfg = Debug|Any CPU
		{E13A4354-9E94-4E18-A27B-9B40AF10F7ED}.Debug|Any CPU.Build.0 = Debug|Any CPU
		{E13A4354-9E94-4E18-A27B-9B40AF10F7ED}.Release|Any CPU.ActiveCfg = Release|Any CPU
		{E13A4354-9E94-4E18-A27B-9B40AF10F7ED}.Release|Any CPU.Build.0 = Release|Any CPU
		{4C5C2177-2120-46A5-86A1-D5FE57EF32E2}.Debug|Any CPU.ActiveCfg = Debug|Any CPU
		{4C5C2177-2120-46A5-86A1-D5FE57EF32E2}.Release|Any CPU.ActiveCfg = Release|Any CPU
		{4C5C2177-2120-46A5-86A1-D5FE57EF32E2}.Release|Any CPU.Build.0 = Release|Any CPU
		{2558AA3B-EBA8-4E94-9F6A-B4972F0E74CF}.Debug|Any CPU.ActiveCfg = Debug|Any CPU
		{2558AA3B-EBA8-4E94-9F6A-B4972F0E74CF}.Debug|Any CPU.Build.0 = Debug|Any CPU
		{2558AA3B-EBA8-4E94-9F6A-B4972F0E74CF}.Release|Any CPU.ActiveCfg = Release|Any CPU
		{2558AA3B-EBA8-4E94-9F6A-B4972F0E74CF}.Release|Any CPU.Build.0 = Release|Any CPU
		{2C13535F-DDB4-42DB-9CE3-9AD39B4597E8}.Debug|Any CPU.ActiveCfg = Debug|Any CPU
		{2C13535F-DDB4-42DB-9CE3-9AD39B4597E8}.Debug|Any CPU.Build.0 = Debug|Any CPU
		{2C13535F-DDB4-42DB-9CE3-9AD39B4597E8}.Release|Any CPU.ActiveCfg = Release|Any CPU
		{2C13535F-DDB4-42DB-9CE3-9AD39B4597E8}.Release|Any CPU.Build.0 = Release|Any CPU
		{74AA549D-1E33-4130-BD0B-826496EA8FBE}.Debug|Any CPU.ActiveCfg = Debug|Any CPU
		{74AA549D-1E33-4130-BD0B-826496EA8FBE}.Debug|Any CPU.Build.0 = Debug|Any CPU
		{74AA549D-1E33-4130-BD0B-826496EA8FBE}.Release|Any CPU.ActiveCfg = Release|Any CPU
		{74AA549D-1E33-4130-BD0B-826496EA8FBE}.Release|Any CPU.Build.0 = Release|Any CPU
		{03505018-77CE-4677-BA1E-BAEE820756F4}.Debug|Any CPU.ActiveCfg = Debug|Any CPU
		{03505018-77CE-4677-BA1E-BAEE820756F4}.Debug|Any CPU.Build.0 = Debug|Any CPU
		{03505018-77CE-4677-BA1E-BAEE820756F4}.Release|Any CPU.ActiveCfg = Release|Any CPU
		{03505018-77CE-4677-BA1E-BAEE820756F4}.Release|Any CPU.Build.0 = Release|Any CPU
		{1B1FE7E0-3EB2-4321-A31F-538D69214875}.Debug|Any CPU.ActiveCfg = Debug|Any CPU
		{1B1FE7E0-3EB2-4321-A31F-538D69214875}.Debug|Any CPU.Build.0 = Debug|Any CPU
		{1B1FE7E0-3EB2-4321-A31F-538D69214875}.Release|Any CPU.ActiveCfg = Release|Any CPU
		{1B1FE7E0-3EB2-4321-A31F-538D69214875}.Release|Any CPU.Build.0 = Release|Any CPU
	EndGlobalSection
	GlobalSection(SolutionProperties) = preSolution
		HideSolutionNode = FALSE
	EndGlobalSection
EndGlobal
